
Microsoft Visual Studio Solution File, Format Version 12.00
# Visual Studio 15
VisualStudioVersion = 15.0.26430.16
MinimumVisualStudioVersion = 10.0.40219.1
Project("{FAE04EC0-301F-11D3-BF4B-00C04F79EFBC}") = "shippingapi.net45", "src.net45\shippingapi.net45.csproj", "{4C6E577C-BC5B-49CC-BBB6-27E240A8EBE7}"
EndProject
Project("{FAE04EC0-301F-11D3-BF4B-00C04F79EFBC}") = "example.net45", "example.net45\example.net45.csproj", "{332207BC-3B2C-4062-9A6F-F4F371565089}"
EndProject
Global
	GlobalSection(SolutionConfigurationPlatforms) = preSolution
		Debug|Any CPU = Debug|Any CPU
		Release|Any CPU = Release|Any CPU
	EndGlobalSection
	GlobalSection(ProjectConfigurationPlatforms) = postSolution
		{4C6E577C-BC5B-49CC-BBB6-27E240A8EBE7}.Debug|Any CPU.ActiveCfg = Debug|Any CPU
		{4C6E577C-BC5B-49CC-BBB6-27E240A8EBE7}.Debug|Any CPU.Build.0 = Debug|Any CPU
		{4C6E577C-BC5B-49CC-BBB6-27E240A8EBE7}.Release|Any CPU.ActiveCfg = Release|Any CPU
		{4C6E577C-BC5B-49CC-BBB6-27E240A8EBE7}.Release|Any CPU.Build.0 = Release|Any CPU
		{332207BC-3B2C-4062-9A6F-F4F371565089}.Debug|Any CPU.ActiveCfg = Debug|Any CPU
		{332207BC-3B2C-4062-9A6F-F4F371565089}.Debug|Any CPU.Build.0 = Debug|Any CPU
		{332207BC-3B2C-4062-9A6F-F4F371565089}.Release|Any CPU.ActiveCfg = Release|Any CPU
		{332207BC-3B2C-4062-9A6F-F4F371565089}.Release|Any CPU.Build.0 = Release|Any CPU
	EndGlobalSection
	GlobalSection(SolutionProperties) = preSolution
		HideSolutionNode = FALSE
	EndGlobalSection
EndGlobal
