Microsoft Visual Studio Solution File, Format Version 12.00
# Visual Studio 15
VisualStudioVersion = 15.0.26430.16
MinimumVisualStudioVersion = 15.0.26124.0
Project("{9A19103F-16F7-4668-BE54-9A1E7A4F7556}") = "shippingapi.core", "src\shippingapi.core.csproj", "{750B2D66-900F-476A-8CB5-7127CAF75055}"
EndProject
Project("{9A19103F-16F7-4668-BE54-9A1E7A4F7556}") = "example", "example\example.csproj", "{DBBFFA26-7AAE-45CC-B67B-D4A4F9161E54}"
	ProjectSection(ProjectDependencies) = postProject
		{750B2D66-900F-476A-8CB5-7127CAF75055} = {750B2D66-900F-476A-8CB5-7127CAF75055}
	EndProjectSection
EndProject
Project("{FAE04EC0-301F-11D3-BF4B-00C04F79EFBC}") = "GenerateWrapper.core", "Tools\GenerateWrapper.core\GenerateWrapper.core.csproj", "{FC95BE84-F304-4CF0-999B-C791C4FF80B2}"
EndProject
Global
	GlobalSection(SolutionConfigurationPlatforms) = preSolution
		Debug|Any CPU = Debug|Any CPU
		Debug|x64 = Debug|x64
		Debug|x86 = Debug|x86
		Release|Any CPU = Release|Any CPU
		Release|x64 = Release|x64
		Release|x86 = Release|x86
	EndGlobalSection
	GlobalSection(ProjectConfigurationPlatforms) = postSolution
		{750B2D66-900F-476A-8CB5-7127CAF75055}.Debug|Any CPU.ActiveCfg = Debug|Any CPU
		{750B2D66-900F-476A-8CB5-7127CAF75055}.Debug|Any CPU.Build.0 = Debug|Any CPU
		{750B2D66-900F-476A-8CB5-7127CAF75055}.Debug|x64.ActiveCfg = Debug|Any CPU
		{750B2D66-900F-476A-8CB5-7127CAF75055}.Debug|x64.Build.0 = Debug|Any CPU
		{750B2D66-900F-476A-8CB5-7127CAF75055}.Debug|x86.ActiveCfg = Debug|Any CPU
		{750B2D66-900F-476A-8CB5-7127CAF75055}.Debug|x86.Build.0 = Debug|Any CPU
		{750B2D66-900F-476A-8CB5-7127CAF75055}.Release|Any CPU.ActiveCfg = Release|Any CPU
		{750B2D66-900F-476A-8CB5-7127CAF75055}.Release|Any CPU.Build.0 = Release|Any CPU
		{750B2D66-900F-476A-8CB5-7127CAF75055}.Release|x64.ActiveCfg = Release|Any CPU
		{750B2D66-900F-476A-8CB5-7127CAF75055}.Release|x64.Build.0 = Release|Any CPU
		{750B2D66-900F-476A-8CB5-7127CAF75055}.Release|x86.ActiveCfg = Release|Any CPU
		{750B2D66-900F-476A-8CB5-7127CAF75055}.Release|x86.Build.0 = Release|Any CPU
		{DBBFFA26-7AAE-45CC-B67B-D4A4F9161E54}.Debug|Any CPU.ActiveCfg = Debug|Any CPU
		{DBBFFA26-7AAE-45CC-B67B-D4A4F9161E54}.Debug|Any CPU.Build.0 = Debug|Any CPU
		{DBBFFA26-7AAE-45CC-B67B-D4A4F9161E54}.Debug|x64.ActiveCfg = Debug|Any CPU
		{DBBFFA26-7AAE-45CC-B67B-D4A4F9161E54}.Debug|x64.Build.0 = Debug|Any CPU
		{DBBFFA26-7AAE-45CC-B67B-D4A4F9161E54}.Debug|x86.ActiveCfg = Debug|Any CPU
		{DBBFFA26-7AAE-45CC-B67B-D4A4F9161E54}.Debug|x86.Build.0 = Debug|Any CPU
		{DBBFFA26-7AAE-45CC-B67B-D4A4F9161E54}.Release|Any CPU.ActiveCfg = Release|Any CPU
		{DBBFFA26-7AAE-45CC-B67B-D4A4F9161E54}.Release|Any CPU.Build.0 = Release|Any CPU
		{DBBFFA26-7AAE-45CC-B67B-D4A4F9161E54}.Release|x64.ActiveCfg = Release|Any CPU
		{DBBFFA26-7AAE-45CC-B67B-D4A4F9161E54}.Release|x64.Build.0 = Release|Any CPU
		{DBBFFA26-7AAE-45CC-B67B-D4A4F9161E54}.Release|x86.ActiveCfg = Release|Any CPU
		{DBBFFA26-7AAE-45CC-B67B-D4A4F9161E54}.Release|x86.Build.0 = Release|Any CPU
		{FC95BE84-F304-4CF0-999B-C791C4FF80B2}.Debug|Any CPU.ActiveCfg = Debug|Any CPU
		{FC95BE84-F304-4CF0-999B-C791C4FF80B2}.Debug|Any CPU.Build.0 = Debug|Any CPU
		{FC95BE84-F304-4CF0-999B-C791C4FF80B2}.Debug|x64.ActiveCfg = Debug|Any CPU
		{FC95BE84-F304-4CF0-999B-C791C4FF80B2}.Debug|x64.Build.0 = Debug|Any CPU
		{FC95BE84-F304-4CF0-999B-C791C4FF80B2}.Debug|x86.ActiveCfg = Debug|Any CPU
		{FC95BE84-F304-4CF0-999B-C791C4FF80B2}.Debug|x86.Build.0 = Debug|Any CPU
		{FC95BE84-F304-4CF0-999B-C791C4FF80B2}.Release|Any CPU.ActiveCfg = Release|Any CPU
		{FC95BE84-F304-4CF0-999B-C791C4FF80B2}.Release|Any CPU.Build.0 = Release|Any CPU
		{FC95BE84-F304-4CF0-999B-C791C4FF80B2}.Release|x64.ActiveCfg = Release|Any CPU
		{FC95BE84-F304-4CF0-999B-C791C4FF80B2}.Release|x64.Build.0 = Release|Any CPU
		{FC95BE84-F304-4CF0-999B-C791C4FF80B2}.Release|x86.ActiveCfg = Release|Any CPU
		{FC95BE84-F304-4CF0-999B-C791C4FF80B2}.Release|x86.Build.0 = Release|Any CPU
	EndGlobalSection
	GlobalSection(SolutionProperties) = preSolution
		HideSolutionNode = FALSE
	EndGlobalSection
EndGlobal
