
Microsoft Visual Studio Solution File, Format Version 12.00
# Visual Studio 15
VisualStudioVersion = 15.0.26730.12
MinimumVisualStudioVersion = 10.0.40219.1
Project("{FAE04EC0-301F-11D3-BF4B-00C04F79EFBC}") = "AddressParser.Core", "AddressParser.Core\AddressParser.Core.csproj", "{9DBC0747-CEB7-4780-84F5-953C027BD638}"
EndProject
Global
	GlobalSection(SolutionConfigurationPlatforms) = preSolution
		Debug|Any CPU = Debug|Any CPU
		Release|Any CPU = Release|Any CPU
	EndGlobalSection
	GlobalSection(ProjectConfigurationPlatforms) = postSolution
		{9DBC0747-CEB7-4780-84F5-953C027BD638}.Debug|Any CPU.ActiveCfg = Debug|Any CPU
		{9DBC0747-CEB7-4780-84F5-953C027BD638}.Debug|Any CPU.Build.0 = Debug|Any CPU
		{9DBC0747-CEB7-4780-84F5-953C027BD638}.Release|Any CPU.ActiveCfg = Release|Any CPU
		{9DBC0747-CEB7-4780-84F5-953C027BD638}.Release|Any CPU.Build.0 = Release|Any CPU
	EndGlobalSection
	GlobalSection(SolutionProperties) = preSolution
		HideSolutionNode = FALSE
	EndGlobalSection
	GlobalSection(ExtensibilityGlobals) = postSolution
		SolutionGuid = {E9B6704D-CEE5-4CDB-B4AC-F92EEC7F1224}
	EndGlobalSection
EndGlobal
